// !$*UTF8*$!
{
	archiveVersion = 1;
	classes = {
	};
	objectVersion = 46;
	objects = {

/* Begin PBXBuildFile section */
		052EF0D415A7B89800378187 /* UIKit.framework in Frameworks */ = {isa = PBXBuildFile; fileRef = 052EF0D315A7B89800378187 /* UIKit.framework */; };
		052EF0D615A7B89800378187 /* Foundation.framework in Frameworks */ = {isa = PBXBuildFile; fileRef = 052EF0D515A7B89800378187 /* Foundation.framework */; };
		052EF0D815A7B89800378187 /* CoreGraphics.framework in Frameworks */ = {isa = PBXBuildFile; fileRef = 052EF0D715A7B89800378187 /* CoreGraphics.framework */; };
		052EF0DE15A7B89800378187 /* InfoPlist.strings in Resources */ = {isa = PBXBuildFile; fileRef = 052EF0DC15A7B89800378187 /* InfoPlist.strings */; };
		052EF0E015A7B89800378187 /* main.m in Sources */ = {isa = PBXBuildFile; fileRef = 052EF0DF15A7B89800378187 /* main.m */; };
		052EF0E415A7B89800378187 /* NoPhoneLinkAppDelegate.m in Sources */ = {isa = PBXBuildFile; fileRef = 052EF0E315A7B89800378187 /* NoPhoneLinkAppDelegate.m */; };
		052EF0E715A7B89800378187 /* NoPhoneLinkViewController.m in Sources */ = {isa = PBXBuildFile; fileRef = 052EF0E615A7B89800378187 /* NoPhoneLinkViewController.m */; };
		052EF0EA15A7B89800378187 /* NoPhoneLinkViewController.xib in Resources */ = {isa = PBXBuildFile; fileRef = 052EF0E815A7B89800378187 /* NoPhoneLinkViewController.xib */; };
/* End PBXBuildFile section */

/* Begin PBXFileReference section */
		052EF0CF15A7B89800378187 /* NoPhoneLink.app */ = {isa = PBXFileReference; explicitFileType = wrapper.application; includeInIndex = 0; path = NoPhoneLink.app; sourceTree = BUILT_PRODUCTS_DIR; };
		052EF0D315A7B89800378187 /* UIKit.framework */ = {isa = PBXFileReference; lastKnownFileType = wrapper.framework; name = UIKit.framework; path = System/Library/Frameworks/UIKit.framework; sourceTree = SDKROOT; };
		052EF0D515A7B89800378187 /* Foundation.framework */ = {isa = PBXFileReference; lastKnownFileType = wrapper.framework; name = Foundation.framework; path = System/Library/Frameworks/Foundation.framework; sourceTree = SDKROOT; };
		052EF0D715A7B89800378187 /* CoreGraphics.framework */ = {isa = PBXFileReference; lastKnownFileType = wrapper.framework; name = CoreGraphics.framework; path = System/Library/Frameworks/CoreGraphics.framework; sourceTree = SDKROOT; };
		052EF0DB15A7B89800378187 /* NoPhoneLink-Info.plist */ = {isa = PBXFileReference; lastKnownFileType = text.plist.xml; path = "NoPhoneLink-Info.plist"; sourceTree = "<group>"; };
		052EF0DD15A7B89800378187 /* en */ = {isa = PBXFileReference; lastKnownFileType = text.plist.strings; name = en; path = en.lproj/InfoPlist.strings; sourceTree = "<group>"; };
		052EF0DF15A7B89800378187 /* main.m */ = {isa = PBXFileReference; lastKnownFileType = sourcecode.c.objc; path = main.m; sourceTree = "<group>"; };
		052EF0E115A7B89800378187 /* NoPhoneLink-Prefix.pch */ = {isa = PBXFileReference; lastKnownFileType = sourcecode.c.h; path = "NoPhoneLink-Prefix.pch"; sourceTree = "<group>"; };
		052EF0E215A7B89800378187 /* NoPhoneLinkAppDelegate.h */ = {isa = PBXFileReference; lastKnownFileType = sourcecode.c.h; path = NoPhoneLinkAppDelegate.h; sourceTree = "<group>"; };
		052EF0E315A7B89800378187 /* NoPhoneLinkAppDelegate.m */ = {isa = PBXFileReference; lastKnownFileType = sourcecode.c.objc; path = NoPhoneLinkAppDelegate.m; sourceTree = "<group>"; };
		052EF0E515A7B89800378187 /* NoPhoneLinkViewController.h */ = {isa = PBXFileReference; lastKnownFileType = sourcecode.c.h; path = NoPhoneLinkViewController.h; sourceTree = "<group>"; };
		052EF0E615A7B89800378187 /* NoPhoneLinkViewController.m */ = {isa = PBXFileReference; lastKnownFileType = sourcecode.c.objc; path = NoPhoneLinkViewController.m; sourceTree = "<group>"; };
		052EF0E915A7B89800378187 /* en */ = {isa = PBXFileReference; lastKnownFileType = file.xib; name = en; path = en.lproj/NoPhoneLinkViewController.xib; sourceTree = "<group>"; };
/* End PBXFileReference section */

/* Begin PBXFrameworksBuildPhase section */
		052EF0CC15A7B89800378187 /* Frameworks */ = {
			isa = PBXFrameworksBuildPhase;
			buildActionMask = 2147483647;
			files = (
				052EF0D415A7B89800378187 /* UIKit.framework in Frameworks */,
				052EF0D615A7B89800378187 /* Foundation.framework in Frameworks */,
				052EF0D815A7B89800378187 /* CoreGraphics.framework in Frameworks */,
			);
			runOnlyForDeploymentPostprocessing = 0;
		};
/* End PBXFrameworksBuildPhase section */

/* Begin PBXGroup section */
		052EF0C415A7B89800378187 = {
			isa = PBXGroup;
			children = (
				052EF0D915A7B89800378187 /* NoPhoneLink */,
				052EF0D215A7B89800378187 /* Frameworks */,
				052EF0D015A7B89800378187 /* Products */,
			);
			sourceTree = "<group>";
		};
		052EF0D015A7B89800378187 /* Products */ = {
			isa = PBXGroup;
			children = (
				052EF0CF15A7B89800378187 /* NoPhoneLink.app */,
			);
			name = Products;
			sourceTree = "<group>";
		};
		052EF0D215A7B89800378187 /* Frameworks */ = {
			isa = PBXGroup;
			children = (
				052EF0D315A7B89800378187 /* UIKit.framework */,
				052EF0D515A7B89800378187 /* Foundation.framework */,
				052EF0D715A7B89800378187 /* CoreGraphics.framework */,
			);
			name = Frameworks;
			sourceTree = "<group>";
		};
		052EF0D915A7B89800378187 /* NoPhoneLink */ = {
			isa = PBXGroup;
			children = (
				052EF0E215A7B89800378187 /* NoPhoneLinkAppDelegate.h */,
				052EF0E315A7B89800378187 /* NoPhoneLinkAppDelegate.m */,
				052EF0E515A7B89800378187 /* NoPhoneLinkViewController.h */,
				052EF0E615A7B89800378187 /* NoPhoneLinkViewController.m */,
				052EF0E815A7B89800378187 /* NoPhoneLinkViewController.xib */,
				052EF0DA15A7B89800378187 /* Supporting Files */,
			);
			path = NoPhoneLink;
			sourceTree = "<group>";
		};
		052EF0DA15A7B89800378187 /* Supporting Files */ = {
			isa = PBXGroup;
			children = (
				052EF0DB15A7B89800378187 /* NoPhoneLink-Info.plist */,
				052EF0DC15A7B89800378187 /* InfoPlist.strings */,
				052EF0DF15A7B89800378187 /* main.m */,
				052EF0E115A7B89800378187 /* NoPhoneLink-Prefix.pch */,
			);
			name = "Supporting Files";
			sourceTree = "<group>";
		};
/* End PBXGroup section */

/* Begin PBXNativeTarget section */
		052EF0CE15A7B89800378187 /* NoPhoneLink */ = {
			isa = PBXNativeTarget;
			buildConfigurationList = 052EF0ED15A7B89800378187 /* Build configuration list for PBXNativeTarget "NoPhoneLink" */;
			buildPhases = (
				052EF0CB15A7B89800378187 /* Sources */,
				052EF0CC15A7B89800378187 /* Frameworks */,
				052EF0CD15A7B89800378187 /* Resources */,
			);
			buildRules = (
			);
			dependencies = (
			);
			name = NoPhoneLink;
			productName = NoPhoneLink;
			productReference = 052EF0CF15A7B89800378187 /* NoPhoneLink.app */;
			productType = "com.apple.product-type.application";
		};
/* End PBXNativeTarget section */

/* Begin PBXProject section */
		052EF0C615A7B89800378187 /* Project object */ = {
			isa = PBXProject;
			attributes = {
				CLASSPREFIX = NoPhoneLink;
				LastUpgradeCheck = 0430;
			};
			buildConfigurationList = 052EF0C915A7B89800378187 /* Build configuration list for PBXProject "NoPhoneLink" */;
			compatibilityVersion = "Xcode 3.2";
			developmentRegion = English;
			hasScannedForEncodings = 0;
			knownRegions = (
				en,
			);
			mainGroup = 052EF0C415A7B89800378187;
			productRefGroup = 052EF0D015A7B89800378187 /* Products */;
			projectDirPath = "";
			projectRoot = "";
			targets = (
				052EF0CE15A7B89800378187 /* NoPhoneLink */,
			);
		};
/* End PBXProject section */

/* Begin PBXResourcesBuildPhase section */
		052EF0CD15A7B89800378187 /* Resources */ = {
			isa = PBXResourcesBuildPhase;
			buildActionMask = 2147483647;
			files = (
				052EF0DE15A7B89800378187 /* InfoPlist.strings in Resources */,
				052EF0EA15A7B89800378187 /* NoPhoneLinkViewController.xib in Resources */,
			);
			runOnlyForDeploymentPostprocessing = 0;
		};
/* End PBXResourcesBuildPhase section */

/* Begin PBXSourcesBuildPhase section */
		052EF0CB15A7B89800378187 /* Sources */ = {
			isa = PBXSourcesBuildPhase;
			buildActionMask = 2147483647;
			files = (
				052EF0E015A7B89800378187 /* main.m in Sources */,
				052EF0E415A7B89800378187 /* NoPhoneLinkAppDelegate.m in Sources */,
				052EF0E715A7B89800378187 /* NoPhoneLinkViewController.m in Sources */,
			);
			runOnlyForDeploymentPostprocessing = 0;
		};
/* End PBXSourcesBuildPhase section */

/* Begin PBXVariantGroup section */
		052EF0DC15A7B89800378187 /* InfoPlist.strings */ = {
			isa = PBXVariantGroup;
			children = (
				052EF0DD15A7B89800378187 /* en */,
			);
			name = InfoPlist.strings;
			sourceTree = "<group>";
		};
		052EF0E815A7B89800378187 /* NoPhoneLinkViewController.xib */ = {
			isa = PBXVariantGroup;
			children = (
				052EF0E915A7B89800378187 /* en */,
			);
			name = NoPhoneLinkViewController.xib;
			sourceTree = "<group>";
		};
/* End PBXVariantGroup section */

/* Begin XCBuildConfiguration section */
		052EF0EB15A7B89800378187 /* Debug */ = {
			isa = XCBuildConfiguration;
			buildSettings = {
				ALWAYS_SEARCH_USER_PATHS = NO;
				ARCHS = "$(ARCHS_STANDARD_32_BIT)";
				CLANG_ENABLE_OBJC_ARC = YES;
				"CODE_SIGN_IDENTITY[sdk=iphoneos*]" = "iPhone Developer";
				COPY_PHASE_STRIP = NO;
				GCC_C_LANGUAGE_STANDARD = gnu99;
				GCC_DYNAMIC_NO_PIC = NO;
				GCC_OPTIMIZATION_LEVEL = 0;
				GCC_PREPROCESSOR_DEFINITIONS = (
					"DEBUG=1",
					"$(inherited)",
				);
				GCC_SYMBOLS_PRIVATE_EXTERN = NO;
				GCC_VERSION = com.apple.compilers.llvm.clang.1_0;
				GCC_WARN_ABOUT_RETURN_TYPE = YES;
				GCC_WARN_UNINITIALIZED_AUTOS = YES;
				GCC_WARN_UNUSED_VARIABLE = YES;
				IPHONEOS_DEPLOYMENT_TARGET = 5.1;
				SDKROOT = iphoneos;
			};
			name = Debug;
		};
		052EF0EC15A7B89800378187 /* Release */ = {
			isa = XCBuildConfiguration;
			buildSettings = {
				ALWAYS_SEARCH_USER_PATHS = NO;
				ARCHS = "$(ARCHS_STANDARD_32_BIT)";
				CLANG_ENABLE_OBJC_ARC = YES;
				"CODE_SIGN_IDENTITY[sdk=iphoneos*]" = "iPhone Developer";
				COPY_PHASE_STRIP = YES;
				GCC_C_LANGUAGE_STANDARD = gnu99;
				GCC_VERSION = com.apple.compilers.llvm.clang.1_0;
				GCC_WARN_ABOUT_RETURN_TYPE = YES;
				GCC_WARN_UNINITIALIZED_AUTOS = YES;
				GCC_WARN_UNUSED_VARIABLE = YES;
				IPHONEOS_DEPLOYMENT_TARGET = 5.1;
				OTHER_CFLAGS = "-DNS_BLOCK_ASSERTIONS=1";
				SDKROOT = iphoneos;
				VALIDATE_PRODUCT = YES;
			};
			name = Release;
		};
		052EF0EE15A7B89800378187 /* Debug */ = {
			isa = XCBuildConfiguration;
			buildSettings = {
				GCC_PRECOMPILE_PREFIX_HEADER = YES;
				GCC_PREFIX_HEADER = "NoPhoneLink/NoPhoneLink-Prefix.pch";
				INFOPLIST_FILE = "NoPhoneLink/NoPhoneLink-Info.plist";
				PRODUCT_NAME = "$(TARGET_NAME)";
				WRAPPER_EXTENSION = app;
			};
			name = Debug;
		};
		052EF0EF15A7B89800378187 /* Release */ = {
			isa = XCBuildConfiguration;
			buildSettings = {
				GCC_PRECOMPILE_PREFIX_HEADER = YES;
				GCC_PREFIX_HEADER = "NoPhoneLink/NoPhoneLink-Prefix.pch";
				INFOPLIST_FILE = "NoPhoneLink/NoPhoneLink-Info.plist";
				PRODUCT_NAME = "$(TARGET_NAME)";
				WRAPPER_EXTENSION = app;
			};
			name = Release;
		};
/* End XCBuildConfiguration section */

/* Begin XCConfigurationList section */
		052EF0C915A7B89800378187 /* Build configuration list for PBXProject "NoPhoneLink" */ = {
			isa = XCConfigurationList;
			buildConfigurations = (
				052EF0EB15A7B89800378187 /* Debug */,
				052EF0EC15A7B89800378187 /* Release */,
			);
			defaultConfigurationIsVisible = 0;
			defaultConfigurationName = Release;
		};
		052EF0ED15A7B89800378187 /* Build configuration list for PBXNativeTarget "NoPhoneLink" */ = {
			isa = XCConfigurationList;
			buildConfigurations = (
				052EF0EE15A7B89800378187 /* Debug */,
				052EF0EF15A7B89800378187 /* Release */,
			);
			defaultConfigurationIsVisible = 0;
		};
/* End XCConfigurationList section */
	};
	rootObject = 052EF0C615A7B89800378187 /* Project object */;
}
