// !$*UTF8*$!
{
	archiveVersion = 1;
	classes = {
	};
	objectVersion = 46;
	objects = {

/* Begin PBXBuildFile section */
		05D9042815A12CC5003A2CB4 /* UIKit.framework in Frameworks */ = {isa = PBXBuildFile; fileRef = 05D9042715A12CC5003A2CB4 /* UIKit.framework */; };
		05D9042A15A12CC5003A2CB4 /* Foundation.framework in Frameworks */ = {isa = PBXBuildFile; fileRef = 05D9042915A12CC5003A2CB4 /* Foundation.framework */; };
		05D9042C15A12CC5003A2CB4 /* CoreGraphics.framework in Frameworks */ = {isa = PBXBuildFile; fileRef = 05D9042B15A12CC5003A2CB4 /* CoreGraphics.framework */; };
		05D9043215A12CC5003A2CB4 /* InfoPlist.strings in Resources */ = {isa = PBXBuildFile; fileRef = 05D9043015A12CC5003A2CB4 /* InfoPlist.strings */; };
		05D9043415A12CC5003A2CB4 /* main.m in Sources */ = {isa = PBXBuildFile; fileRef = 05D9043315A12CC5003A2CB4 /* main.m */; };
		05D9043815A12CC5003A2CB4 /* InAppEmailAppDelegate.m in Sources */ = {isa = PBXBuildFile; fileRef = 05D9043715A12CC5003A2CB4 /* InAppEmailAppDelegate.m */; };
		05D9043B15A12CC5003A2CB4 /* InAppEmailViewController.m in Sources */ = {isa = PBXBuildFile; fileRef = 05D9043A15A12CC5003A2CB4 /* InAppEmailViewController.m */; };
		05D9043E15A12CC5003A2CB4 /* InAppEmailViewController.xib in Resources */ = {isa = PBXBuildFile; fileRef = 05D9043C15A12CC5003A2CB4 /* InAppEmailViewController.xib */; };
		05D9044515A12D4B003A2CB4 /* MessageUI.framework in Frameworks */ = {isa = PBXBuildFile; fileRef = 05D9044415A12D4B003A2CB4 /* MessageUI.framework */; };
/* End PBXBuildFile section */

/* Begin PBXFileReference section */
		05D9042315A12CC5003A2CB4 /* InAppEmail.app */ = {isa = PBXFileReference; explicitFileType = wrapper.application; includeInIndex = 0; path = InAppEmail.app; sourceTree = BUILT_PRODUCTS_DIR; };
		05D9042715A12CC5003A2CB4 /* UIKit.framework */ = {isa = PBXFileReference; lastKnownFileType = wrapper.framework; name = UIKit.framework; path = System/Library/Frameworks/UIKit.framework; sourceTree = SDKROOT; };
		05D9042915A12CC5003A2CB4 /* Foundation.framework */ = {isa = PBXFileReference; lastKnownFileType = wrapper.framework; name = Foundation.framework; path = System/Library/Frameworks/Foundation.framework; sourceTree = SDKROOT; };
		05D9042B15A12CC5003A2CB4 /* CoreGraphics.framework */ = {isa = PBXFileReference; lastKnownFileType = wrapper.framework; name = CoreGraphics.framework; path = System/Library/Frameworks/CoreGraphics.framework; sourceTree = SDKROOT; };
		05D9042F15A12CC5003A2CB4 /* InAppEmail-Info.plist */ = {isa = PBXFileReference; lastKnownFileType = text.plist.xml; path = "InAppEmail-Info.plist"; sourceTree = "<group>"; };
		05D9043115A12CC5003A2CB4 /* en */ = {isa = PBXFileReference; lastKnownFileType = text.plist.strings; name = en; path = en.lproj/InfoPlist.strings; sourceTree = "<group>"; };
		05D9043315A12CC5003A2CB4 /* main.m */ = {isa = PBXFileReference; lastKnownFileType = sourcecode.c.objc; path = main.m; sourceTree = "<group>"; };
		05D9043515A12CC5003A2CB4 /* InAppEmail-Prefix.pch */ = {isa = PBXFileReference; lastKnownFileType = sourcecode.c.h; path = "InAppEmail-Prefix.pch"; sourceTree = "<group>"; };
		05D9043615A12CC5003A2CB4 /* InAppEmailAppDelegate.h */ = {isa = PBXFileReference; lastKnownFileType = sourcecode.c.h; path = InAppEmailAppDelegate.h; sourceTree = "<group>"; };
		05D9043715A12CC5003A2CB4 /* InAppEmailAppDelegate.m */ = {isa = PBXFileReference; lastKnownFileType = sourcecode.c.objc; path = InAppEmailAppDelegate.m; sourceTree = "<group>"; };
		05D9043915A12CC5003A2CB4 /* InAppEmailViewController.h */ = {isa = PBXFileReference; lastKnownFileType = sourcecode.c.h; path = InAppEmailViewController.h; sourceTree = "<group>"; };
		05D9043A15A12CC5003A2CB4 /* InAppEmailViewController.m */ = {isa = PBXFileReference; lastKnownFileType = sourcecode.c.objc; path = InAppEmailViewController.m; sourceTree = "<group>"; };
		05D9043D15A12CC5003A2CB4 /* en */ = {isa = PBXFileReference; lastKnownFileType = file.xib; name = en; path = en.lproj/InAppEmailViewController.xib; sourceTree = "<group>"; };
		05D9044415A12D4B003A2CB4 /* MessageUI.framework */ = {isa = PBXFileReference; lastKnownFileType = wrapper.framework; name = MessageUI.framework; path = System/Library/Frameworks/MessageUI.framework; sourceTree = SDKROOT; };
/* End PBXFileReference section */

/* Begin PBXFrameworksBuildPhase section */
		05D9042015A12CC5003A2CB4 /* Frameworks */ = {
			isa = PBXFrameworksBuildPhase;
			buildActionMask = 2147483647;
			files = (
				05D9044515A12D4B003A2CB4 /* MessageUI.framework in Frameworks */,
				05D9042815A12CC5003A2CB4 /* UIKit.framework in Frameworks */,
				05D9042A15A12CC5003A2CB4 /* Foundation.framework in Frameworks */,
				05D9042C15A12CC5003A2CB4 /* CoreGraphics.framework in Frameworks */,
			);
			runOnlyForDeploymentPostprocessing = 0;
		};
/* End PBXFrameworksBuildPhase section */

/* Begin PBXGroup section */
		05D9041815A12CC5003A2CB4 = {
			isa = PBXGroup;
			children = (
				05D9044415A12D4B003A2CB4 /* MessageUI.framework */,
				05D9042D15A12CC5003A2CB4 /* InAppEmail */,
				05D9042615A12CC5003A2CB4 /* Frameworks */,
				05D9042415A12CC5003A2CB4 /* Products */,
			);
			sourceTree = "<group>";
		};
		05D9042415A12CC5003A2CB4 /* Products */ = {
			isa = PBXGroup;
			children = (
				05D9042315A12CC5003A2CB4 /* InAppEmail.app */,
			);
			name = Products;
			sourceTree = "<group>";
		};
		05D9042615A12CC5003A2CB4 /* Frameworks */ = {
			isa = PBXGroup;
			children = (
				05D9042715A12CC5003A2CB4 /* UIKit.framework */,
				05D9042915A12CC5003A2CB4 /* Foundation.framework */,
				05D9042B15A12CC5003A2CB4 /* CoreGraphics.framework */,
			);
			name = Frameworks;
			sourceTree = "<group>";
		};
		05D9042D15A12CC5003A2CB4 /* InAppEmail */ = {
			isa = PBXGroup;
			children = (
				05D9043615A12CC5003A2CB4 /* InAppEmailAppDelegate.h */,
				05D9043715A12CC5003A2CB4 /* InAppEmailAppDelegate.m */,
				05D9043915A12CC5003A2CB4 /* InAppEmailViewController.h */,
				05D9043A15A12CC5003A2CB4 /* InAppEmailViewController.m */,
				05D9043C15A12CC5003A2CB4 /* InAppEmailViewController.xib */,
				05D9042E15A12CC5003A2CB4 /* Supporting Files */,
			);
			path = InAppEmail;
			sourceTree = "<group>";
		};
		05D9042E15A12CC5003A2CB4 /* Supporting Files */ = {
			isa = PBXGroup;
			children = (
				05D9042F15A12CC5003A2CB4 /* InAppEmail-Info.plist */,
				05D9043015A12CC5003A2CB4 /* InfoPlist.strings */,
				05D9043315A12CC5003A2CB4 /* main.m */,
				05D9043515A12CC5003A2CB4 /* InAppEmail-Prefix.pch */,
			);
			name = "Supporting Files";
			sourceTree = "<group>";
		};
/* End PBXGroup section */

/* Begin PBXNativeTarget section */
		05D9042215A12CC5003A2CB4 /* InAppEmail */ = {
			isa = PBXNativeTarget;
			buildConfigurationList = 05D9044115A12CC5003A2CB4 /* Build configuration list for PBXNativeTarget "InAppEmail" */;
			buildPhases = (
				05D9041F15A12CC5003A2CB4 /* Sources */,
				05D9042015A12CC5003A2CB4 /* Frameworks */,
				05D9042115A12CC5003A2CB4 /* Resources */,
			);
			buildRules = (
			);
			dependencies = (
			);
			name = InAppEmail;
			productName = InAppEmail;
			productReference = 05D9042315A12CC5003A2CB4 /* InAppEmail.app */;
			productType = "com.apple.product-type.application";
		};
/* End PBXNativeTarget section */

/* Begin PBXProject section */
		05D9041A15A12CC5003A2CB4 /* Project object */ = {
			isa = PBXProject;
			attributes = {
				CLASSPREFIX = InAppEmail;
				LastUpgradeCheck = 0430;
			};
			buildConfigurationList = 05D9041D15A12CC5003A2CB4 /* Build configuration list for PBXProject "InAppEmail" */;
			compatibilityVersion = "Xcode 3.2";
			developmentRegion = English;
			hasScannedForEncodings = 0;
			knownRegions = (
				en,
			);
			mainGroup = 05D9041815A12CC5003A2CB4;
			productRefGroup = 05D9042415A12CC5003A2CB4 /* Products */;
			projectDirPath = "";
			projectRoot = "";
			targets = (
				05D9042215A12CC5003A2CB4 /* InAppEmail */,
			);
		};
/* End PBXProject section */

/* Begin PBXResourcesBuildPhase section */
		05D9042115A12CC5003A2CB4 /* Resources */ = {
			isa = PBXResourcesBuildPhase;
			buildActionMask = 2147483647;
			files = (
				05D9043215A12CC5003A2CB4 /* InfoPlist.strings in Resources */,
				05D9043E15A12CC5003A2CB4 /* InAppEmailViewController.xib in Resources */,
			);
			runOnlyForDeploymentPostprocessing = 0;
		};
/* End PBXResourcesBuildPhase section */

/* Begin PBXSourcesBuildPhase section */
		05D9041F15A12CC5003A2CB4 /* Sources */ = {
			isa = PBXSourcesBuildPhase;
			buildActionMask = 2147483647;
			files = (
				05D9043415A12CC5003A2CB4 /* main.m in Sources */,
				05D9043815A12CC5003A2CB4 /* InAppEmailAppDelegate.m in Sources */,
				05D9043B15A12CC5003A2CB4 /* InAppEmailViewController.m in Sources */,
			);
			runOnlyForDeploymentPostprocessing = 0;
		};
/* End PBXSourcesBuildPhase section */

/* Begin PBXVariantGroup section */
		05D9043015A12CC5003A2CB4 /* InfoPlist.strings */ = {
			isa = PBXVariantGroup;
			children = (
				05D9043115A12CC5003A2CB4 /* en */,
			);
			name = InfoPlist.strings;
			sourceTree = "<group>";
		};
		05D9043C15A12CC5003A2CB4 /* InAppEmailViewController.xib */ = {
			isa = PBXVariantGroup;
			children = (
				05D9043D15A12CC5003A2CB4 /* en */,
			);
			name = InAppEmailViewController.xib;
			sourceTree = "<group>";
		};
/* End PBXVariantGroup section */

/* Begin XCBuildConfiguration section */
		05D9043F15A12CC5003A2CB4 /* Debug */ = {
			isa = XCBuildConfiguration;
			buildSettings = {
				ALWAYS_SEARCH_USER_PATHS = NO;
				ARCHS = "$(ARCHS_STANDARD_32_BIT)";
				CLANG_ENABLE_OBJC_ARC = YES;
				"CODE_SIGN_IDENTITY[sdk=iphoneos*]" = "iPhone Developer";
				COPY_PHASE_STRIP = NO;
				GCC_C_LANGUAGE_STANDARD = gnu99;
				GCC_DYNAMIC_NO_PIC = NO;
				GCC_OPTIMIZATION_LEVEL = 0;
				GCC_PREPROCESSOR_DEFINITIONS = (
					"DEBUG=1",
					"$(inherited)",
				);
				GCC_SYMBOLS_PRIVATE_EXTERN = NO;
				GCC_VERSION = com.apple.compilers.llvm.clang.1_0;
				GCC_WARN_ABOUT_RETURN_TYPE = YES;
				GCC_WARN_UNINITIALIZED_AUTOS = YES;
				GCC_WARN_UNUSED_VARIABLE = YES;
				IPHONEOS_DEPLOYMENT_TARGET = 5.1;
				SDKROOT = iphoneos;
			};
			name = Debug;
		};
		05D9044015A12CC5003A2CB4 /* Release */ = {
			isa = XCBuildConfiguration;
			buildSettings = {
				ALWAYS_SEARCH_USER_PATHS = NO;
				ARCHS = "$(ARCHS_STANDARD_32_BIT)";
				CLANG_ENABLE_OBJC_ARC = YES;
				"CODE_SIGN_IDENTITY[sdk=iphoneos*]" = "iPhone Developer";
				COPY_PHASE_STRIP = YES;
				GCC_C_LANGUAGE_STANDARD = gnu99;
				GCC_VERSION = com.apple.compilers.llvm.clang.1_0;
				GCC_WARN_ABOUT_RETURN_TYPE = YES;
				GCC_WARN_UNINITIALIZED_AUTOS = YES;
				GCC_WARN_UNUSED_VARIABLE = YES;
				IPHONEOS_DEPLOYMENT_TARGET = 5.1;
				OTHER_CFLAGS = "-DNS_BLOCK_ASSERTIONS=1";
				SDKROOT = iphoneos;
				VALIDATE_PRODUCT = YES;
			};
			name = Release;
		};
		05D9044215A12CC5003A2CB4 /* Debug */ = {
			isa = XCBuildConfiguration;
			buildSettings = {
				CODE_SIGN_IDENTITY = "iPhone Developer";
				GCC_PRECOMPILE_PREFIX_HEADER = YES;
				GCC_PREFIX_HEADER = "InAppEmail/InAppEmail-Prefix.pch";
				INFOPLIST_FILE = "InAppEmail/InAppEmail-Info.plist";
				PRODUCT_NAME = "$(TARGET_NAME)";
				PROVISIONING_PROFILE = "";
				WRAPPER_EXTENSION = app;
			};
			name = Debug;
		};
		05D9044315A12CC5003A2CB4 /* Release */ = {
			isa = XCBuildConfiguration;
			buildSettings = {
				CODE_SIGN_IDENTITY = "iPhone Developer";
				GCC_PRECOMPILE_PREFIX_HEADER = YES;
				GCC_PREFIX_HEADER = "InAppEmail/InAppEmail-Prefix.pch";
				INFOPLIST_FILE = "InAppEmail/InAppEmail-Info.plist";
				PRODUCT_NAME = "$(TARGET_NAME)";
				PROVISIONING_PROFILE = "";
				WRAPPER_EXTENSION = app;
			};
			name = Release;
		};
/* End XCBuildConfiguration section */

/* Begin XCConfigurationList section */
		05D9041D15A12CC5003A2CB4 /* Build configuration list for PBXProject "InAppEmail" */ = {
			isa = XCConfigurationList;
			buildConfigurations = (
				05D9043F15A12CC5003A2CB4 /* Debug */,
				05D9044015A12CC5003A2CB4 /* Release */,
			);
			defaultConfigurationIsVisible = 0;
			defaultConfigurationName = Release;
		};
		05D9044115A12CC5003A2CB4 /* Build configuration list for PBXNativeTarget "InAppEmail" */ = {
			isa = XCConfigurationList;
			buildConfigurations = (
				05D9044215A12CC5003A2CB4 /* Debug */,
				05D9044315A12CC5003A2CB4 /* Release */,
			);
			defaultConfigurationIsVisible = 0;
			defaultConfigurationName = Release;
		};
/* End XCConfigurationList section */
	};
	rootObject = 05D9041A15A12CC5003A2CB4 /* Project object */;
}
