// !$*UTF8*$!
{
	archiveVersion = 1;
	classes = {
	};
	objectVersion = 46;
	objects = {

/* Begin PBXBuildFile section */
		054BF483159662E300D88394 /* UIKit.framework in Frameworks */ = {isa = PBXBuildFile; fileRef = 054BF482159662E300D88394 /* UIKit.framework */; };
		054BF485159662E300D88394 /* Foundation.framework in Frameworks */ = {isa = PBXBuildFile; fileRef = 054BF484159662E300D88394 /* Foundation.framework */; };
		054BF487159662E300D88394 /* CoreGraphics.framework in Frameworks */ = {isa = PBXBuildFile; fileRef = 054BF486159662E300D88394 /* CoreGraphics.framework */; };
		054BF48D159662E300D88394 /* InfoPlist.strings in Resources */ = {isa = PBXBuildFile; fileRef = 054BF48B159662E300D88394 /* InfoPlist.strings */; };
		054BF48F159662E300D88394 /* main.m in Sources */ = {isa = PBXBuildFile; fileRef = 054BF48E159662E300D88394 /* main.m */; };
		054BF493159662E300D88394 /* CustomFontAppDelegate.m in Sources */ = {isa = PBXBuildFile; fileRef = 054BF492159662E300D88394 /* CustomFontAppDelegate.m */; };
		054BF496159662E300D88394 /* CustomFontViewController.m in Sources */ = {isa = PBXBuildFile; fileRef = 054BF495159662E300D88394 /* CustomFontViewController.m */; };
		054BF499159662E300D88394 /* CustomFontViewController.xib in Resources */ = {isa = PBXBuildFile; fileRef = 054BF497159662E300D88394 /* CustomFontViewController.xib */; };
		054BF4A01596655100D88394 /* the beautiful ones.ttf in Resources */ = {isa = PBXBuildFile; fileRef = 054BF49F1596631C00D88394 /* the beautiful ones.ttf */; };
/* End PBXBuildFile section */

/* Begin PBXFileReference section */
		054BF47E159662E300D88394 /* CustomFont.app */ = {isa = PBXFileReference; explicitFileType = wrapper.application; includeInIndex = 0; path = CustomFont.app; sourceTree = BUILT_PRODUCTS_DIR; };
		054BF482159662E300D88394 /* UIKit.framework */ = {isa = PBXFileReference; lastKnownFileType = wrapper.framework; name = UIKit.framework; path = System/Library/Frameworks/UIKit.framework; sourceTree = SDKROOT; };
		054BF484159662E300D88394 /* Foundation.framework */ = {isa = PBXFileReference; lastKnownFileType = wrapper.framework; name = Foundation.framework; path = System/Library/Frameworks/Foundation.framework; sourceTree = SDKROOT; };
		054BF486159662E300D88394 /* CoreGraphics.framework */ = {isa = PBXFileReference; lastKnownFileType = wrapper.framework; name = CoreGraphics.framework; path = System/Library/Frameworks/CoreGraphics.framework; sourceTree = SDKROOT; };
		054BF48A159662E300D88394 /* CustomFont-Info.plist */ = {isa = PBXFileReference; lastKnownFileType = text.plist.xml; path = "CustomFont-Info.plist"; sourceTree = "<group>"; };
		054BF48C159662E300D88394 /* en */ = {isa = PBXFileReference; lastKnownFileType = text.plist.strings; name = en; path = en.lproj/InfoPlist.strings; sourceTree = "<group>"; };
		054BF48E159662E300D88394 /* main.m */ = {isa = PBXFileReference; lastKnownFileType = sourcecode.c.objc; path = main.m; sourceTree = "<group>"; };
		054BF490159662E300D88394 /* CustomFont-Prefix.pch */ = {isa = PBXFileReference; lastKnownFileType = sourcecode.c.h; path = "CustomFont-Prefix.pch"; sourceTree = "<group>"; };
		054BF491159662E300D88394 /* CustomFontAppDelegate.h */ = {isa = PBXFileReference; lastKnownFileType = sourcecode.c.h; path = CustomFontAppDelegate.h; sourceTree = "<group>"; };
		054BF492159662E300D88394 /* CustomFontAppDelegate.m */ = {isa = PBXFileReference; lastKnownFileType = sourcecode.c.objc; path = CustomFontAppDelegate.m; sourceTree = "<group>"; };
		054BF494159662E300D88394 /* CustomFontViewController.h */ = {isa = PBXFileReference; lastKnownFileType = sourcecode.c.h; path = CustomFontViewController.h; sourceTree = "<group>"; };
		054BF495159662E300D88394 /* CustomFontViewController.m */ = {isa = PBXFileReference; lastKnownFileType = sourcecode.c.objc; path = CustomFontViewController.m; sourceTree = "<group>"; };
		054BF498159662E300D88394 /* en */ = {isa = PBXFileReference; lastKnownFileType = file.xib; name = en; path = en.lproj/CustomFontViewController.xib; sourceTree = "<group>"; };
		054BF49F1596631C00D88394 /* the beautiful ones.ttf */ = {isa = PBXFileReference; lastKnownFileType = file; path = "the beautiful ones.ttf"; sourceTree = "<group>"; };
/* End PBXFileReference section */

/* Begin PBXFrameworksBuildPhase section */
		054BF47B159662E300D88394 /* Frameworks */ = {
			isa = PBXFrameworksBuildPhase;
			buildActionMask = 2147483647;
			files = (
				054BF483159662E300D88394 /* UIKit.framework in Frameworks */,
				054BF485159662E300D88394 /* Foundation.framework in Frameworks */,
				054BF487159662E300D88394 /* CoreGraphics.framework in Frameworks */,
			);
			runOnlyForDeploymentPostprocessing = 0;
		};
/* End PBXFrameworksBuildPhase section */

/* Begin PBXGroup section */
		054BF473159662E300D88394 = {
			isa = PBXGroup;
			children = (
				054BF488159662E300D88394 /* CustomFont */,
				054BF481159662E300D88394 /* Frameworks */,
				054BF47F159662E300D88394 /* Products */,
			);
			sourceTree = "<group>";
		};
		054BF47F159662E300D88394 /* Products */ = {
			isa = PBXGroup;
			children = (
				054BF47E159662E300D88394 /* CustomFont.app */,
			);
			name = Products;
			sourceTree = "<group>";
		};
		054BF481159662E300D88394 /* Frameworks */ = {
			isa = PBXGroup;
			children = (
				054BF482159662E300D88394 /* UIKit.framework */,
				054BF484159662E300D88394 /* Foundation.framework */,
				054BF486159662E300D88394 /* CoreGraphics.framework */,
			);
			name = Frameworks;
			sourceTree = "<group>";
		};
		054BF488159662E300D88394 /* CustomFont */ = {
			isa = PBXGroup;
			children = (
				054BF491159662E300D88394 /* CustomFontAppDelegate.h */,
				054BF492159662E300D88394 /* CustomFontAppDelegate.m */,
				054BF494159662E300D88394 /* CustomFontViewController.h */,
				054BF495159662E300D88394 /* CustomFontViewController.m */,
				054BF497159662E300D88394 /* CustomFontViewController.xib */,
				054BF489159662E300D88394 /* Supporting Files */,
			);
			path = CustomFont;
			sourceTree = "<group>";
		};
		054BF489159662E300D88394 /* Supporting Files */ = {
			isa = PBXGroup;
			children = (
				054BF49F1596631C00D88394 /* the beautiful ones.ttf */,
				054BF48A159662E300D88394 /* CustomFont-Info.plist */,
				054BF48B159662E300D88394 /* InfoPlist.strings */,
				054BF48E159662E300D88394 /* main.m */,
				054BF490159662E300D88394 /* CustomFont-Prefix.pch */,
			);
			name = "Supporting Files";
			sourceTree = "<group>";
		};
/* End PBXGroup section */

/* Begin PBXNativeTarget section */
		054BF47D159662E300D88394 /* CustomFont */ = {
			isa = PBXNativeTarget;
			buildConfigurationList = 054BF49C159662E300D88394 /* Build configuration list for PBXNativeTarget "CustomFont" */;
			buildPhases = (
				054BF47A159662E300D88394 /* Sources */,
				054BF47B159662E300D88394 /* Frameworks */,
				054BF47C159662E300D88394 /* Resources */,
			);
			buildRules = (
			);
			dependencies = (
			);
			name = CustomFont;
			productName = CustomFont;
			productReference = 054BF47E159662E300D88394 /* CustomFont.app */;
			productType = "com.apple.product-type.application";
		};
/* End PBXNativeTarget section */

/* Begin PBXProject section */
		054BF475159662E300D88394 /* Project object */ = {
			isa = PBXProject;
			attributes = {
				CLASSPREFIX = CustomFont;
				LastUpgradeCheck = 0430;
			};
			buildConfigurationList = 054BF478159662E300D88394 /* Build configuration list for PBXProject "CustomFont" */;
			compatibilityVersion = "Xcode 3.2";
			developmentRegion = English;
			hasScannedForEncodings = 0;
			knownRegions = (
				en,
			);
			mainGroup = 054BF473159662E300D88394;
			productRefGroup = 054BF47F159662E300D88394 /* Products */;
			projectDirPath = "";
			projectRoot = "";
			targets = (
				054BF47D159662E300D88394 /* CustomFont */,
			);
		};
/* End PBXProject section */

/* Begin PBXResourcesBuildPhase section */
		054BF47C159662E300D88394 /* Resources */ = {
			isa = PBXResourcesBuildPhase;
			buildActionMask = 2147483647;
			files = (
				054BF48D159662E300D88394 /* InfoPlist.strings in Resources */,
				054BF499159662E300D88394 /* CustomFontViewController.xib in Resources */,
				054BF4A01596655100D88394 /* the beautiful ones.ttf in Resources */,
			);
			runOnlyForDeploymentPostprocessing = 0;
		};
/* End PBXResourcesBuildPhase section */

/* Begin PBXSourcesBuildPhase section */
		054BF47A159662E300D88394 /* Sources */ = {
			isa = PBXSourcesBuildPhase;
			buildActionMask = 2147483647;
			files = (
				054BF48F159662E300D88394 /* main.m in Sources */,
				054BF493159662E300D88394 /* CustomFontAppDelegate.m in Sources */,
				054BF496159662E300D88394 /* CustomFontViewController.m in Sources */,
			);
			runOnlyForDeploymentPostprocessing = 0;
		};
/* End PBXSourcesBuildPhase section */

/* Begin PBXVariantGroup section */
		054BF48B159662E300D88394 /* InfoPlist.strings */ = {
			isa = PBXVariantGroup;
			children = (
				054BF48C159662E300D88394 /* en */,
			);
			name = InfoPlist.strings;
			sourceTree = "<group>";
		};
		054BF497159662E300D88394 /* CustomFontViewController.xib */ = {
			isa = PBXVariantGroup;
			children = (
				054BF498159662E300D88394 /* en */,
			);
			name = CustomFontViewController.xib;
			sourceTree = "<group>";
		};
/* End PBXVariantGroup section */

/* Begin XCBuildConfiguration section */
		054BF49A159662E300D88394 /* Debug */ = {
			isa = XCBuildConfiguration;
			buildSettings = {
				ALWAYS_SEARCH_USER_PATHS = NO;
				ARCHS = "$(ARCHS_STANDARD_32_BIT)";
				CLANG_ENABLE_OBJC_ARC = YES;
				"CODE_SIGN_IDENTITY[sdk=iphoneos*]" = "iPhone Developer";
				COPY_PHASE_STRIP = NO;
				GCC_C_LANGUAGE_STANDARD = gnu99;
				GCC_DYNAMIC_NO_PIC = NO;
				GCC_OPTIMIZATION_LEVEL = 0;
				GCC_PREPROCESSOR_DEFINITIONS = (
					"DEBUG=1",
					"$(inherited)",
				);
				GCC_SYMBOLS_PRIVATE_EXTERN = NO;
				GCC_VERSION = com.apple.compilers.llvm.clang.1_0;
				GCC_WARN_ABOUT_RETURN_TYPE = YES;
				GCC_WARN_UNINITIALIZED_AUTOS = YES;
				GCC_WARN_UNUSED_VARIABLE = YES;
				IPHONEOS_DEPLOYMENT_TARGET = 5.1;
				SDKROOT = iphoneos;
			};
			name = Debug;
		};
		054BF49B159662E300D88394 /* Release */ = {
			isa = XCBuildConfiguration;
			buildSettings = {
				ALWAYS_SEARCH_USER_PATHS = NO;
				ARCHS = "$(ARCHS_STANDARD_32_BIT)";
				CLANG_ENABLE_OBJC_ARC = YES;
				"CODE_SIGN_IDENTITY[sdk=iphoneos*]" = "iPhone Developer";
				COPY_PHASE_STRIP = YES;
				GCC_C_LANGUAGE_STANDARD = gnu99;
				GCC_VERSION = com.apple.compilers.llvm.clang.1_0;
				GCC_WARN_ABOUT_RETURN_TYPE = YES;
				GCC_WARN_UNINITIALIZED_AUTOS = YES;
				GCC_WARN_UNUSED_VARIABLE = YES;
				IPHONEOS_DEPLOYMENT_TARGET = 5.1;
				OTHER_CFLAGS = "-DNS_BLOCK_ASSERTIONS=1";
				SDKROOT = iphoneos;
				VALIDATE_PRODUCT = YES;
			};
			name = Release;
		};
		054BF49D159662E300D88394 /* Debug */ = {
			isa = XCBuildConfiguration;
			buildSettings = {
				GCC_PRECOMPILE_PREFIX_HEADER = YES;
				GCC_PREFIX_HEADER = "CustomFont/CustomFont-Prefix.pch";
				INFOPLIST_FILE = "CustomFont/CustomFont-Info.plist";
				PRODUCT_NAME = "$(TARGET_NAME)";
				WRAPPER_EXTENSION = app;
			};
			name = Debug;
		};
		054BF49E159662E300D88394 /* Release */ = {
			isa = XCBuildConfiguration;
			buildSettings = {
				GCC_PRECOMPILE_PREFIX_HEADER = YES;
				GCC_PREFIX_HEADER = "CustomFont/CustomFont-Prefix.pch";
				INFOPLIST_FILE = "CustomFont/CustomFont-Info.plist";
				PRODUCT_NAME = "$(TARGET_NAME)";
				WRAPPER_EXTENSION = app;
			};
			name = Release;
		};
/* End XCBuildConfiguration section */

/* Begin XCConfigurationList section */
		054BF478159662E300D88394 /* Build configuration list for PBXProject "CustomFont" */ = {
			isa = XCConfigurationList;
			buildConfigurations = (
				054BF49A159662E300D88394 /* Debug */,
				054BF49B159662E300D88394 /* Release */,
			);
			defaultConfigurationIsVisible = 0;
			defaultConfigurationName = Release;
		};
		054BF49C159662E300D88394 /* Build configuration list for PBXNativeTarget "CustomFont" */ = {
			isa = XCConfigurationList;
			buildConfigurations = (
				054BF49D159662E300D88394 /* Debug */,
				054BF49E159662E300D88394 /* Release */,
			);
			defaultConfigurationIsVisible = 0;
		};
/* End XCConfigurationList section */
	};
	rootObject = 054BF475159662E300D88394 /* Project object */;
}
